// !$*UTF8*$!
{
	archiveVersion = 1;
	classes = {
	};
	objectVersion = 51;
	objects = {

/* Begin PBXBuildFile section */
		5AD85C33AD6CEEA81E9B575A /* Pods_Taps.framework in Frameworks */ = {isa = PBXBuildFile; fileRef = 518340F937DAC6C0DC72F0E6 /* Pods_Taps.framework */; };
		963199F625CE559400E497E2 /* AppDelegate.swift in Sources */ = {isa = PBXBuildFile; fileRef = 963199F525CE559400E497E2 /* AppDelegate.swift */; };
		963199F825CE559400E497E2 /* SceneDelegate.swift in Sources */ = {isa = PBXBuildFile; fileRef = 963199F725CE559400E497E2 /* SceneDelegate.swift */; };
		963199FA25CE559400E497E2 /* BreweryTableView.swift in Sources */ = {isa = PBXBuildFile; fileRef = 963199F925CE559400E497E2 /* BreweryTableView.swift */; };
		963199FF25CE559400E497E2 /* Assets.xcassets in Resources */ = {isa = PBXBuildFile; fileRef = 963199FE25CE559400E497E2 /* Assets.xcassets */; };
		96319A0225CE559400E497E2 /* LaunchScreen.storyboard in Resources */ = {isa = PBXBuildFile; fileRef = 96319A0025CE559400E497E2 /* LaunchScreen.storyboard */; };
/* End PBXBuildFile section */

/* Begin PBXFileReference section */
		518340F937DAC6C0DC72F0E6 /* Pods_Taps.framework */ = {isa = PBXFileReference; explicitFileType = wrapper.framework; includeInIndex = 0; path = Pods_Taps.framework; sourceTree = BUILT_PRODUCTS_DIR; };
		7CA5939D428ED13883E76CA3 /* Pods-Taps.debug.xcconfig */ = {isa = PBXFileReference; includeInIndex = 1; lastKnownFileType = text.xcconfig; name = "Pods-Taps.debug.xcconfig"; path = "Target Support Files/Pods-Taps/Pods-Taps.debug.xcconfig"; sourceTree = "<group>"; };
		963199F225CE559400E497E2 /* Taps.app */ = {isa = PBXFileReference; explicitFileType = wrapper.application; includeInIndex = 0; path = Taps.app; sourceTree = BUILT_PRODUCTS_DIR; };
		963199F525CE559400E497E2 /* AppDelegate.swift */ = {isa = PBXFileReference; lastKnownFileType = sourcecode.swift; path = AppDelegate.swift; sourceTree = "<group>"; };
		963199F725CE559400E497E2 /* SceneDelegate.swift */ = {isa = PBXFileReference; lastKnownFileType = sourcecode.swift; path = SceneDelegate.swift; sourceTree = "<group>"; };
		963199F925CE559400E497E2 /* BreweryTableView.swift */ = {isa = PBXFileReference; lastKnownFileType = sourcecode.swift; path = BreweryTableView.swift; sourceTree = "<group>"; };
		963199FE25CE559400E497E2 /* Assets.xcassets */ = {isa = PBXFileReference; lastKnownFileType = folder.assetcatalog; path = Assets.xcassets; sourceTree = "<group>"; };
		96319A0125CE559400E497E2 /* Base */ = {isa = PBXFileReference; lastKnownFileType = file.storyboard; name = Base; path = Base.lproj/LaunchScreen.storyboard; sourceTree = "<group>"; };
		96319A0325CE559400E497E2 /* Info.plist */ = {isa = PBXFileReference; lastKnownFileType = text.plist.xml; path = Info.plist; sourceTree = "<group>"; };
		C4DCE598E03396D6D5D91350 /* Pods-Taps.release.xcconfig */ = {isa = PBXFileReference; includeInIndex = 1; lastKnownFileType = text.xcconfig; name = "Pods-Taps.release.xcconfig"; path = "Target Support Files/Pods-Taps/Pods-Taps.release.xcconfig"; sourceTree = "<group>"; };
/* End PBXFileReference section */

/* Begin PBXFrameworksBuildPhase section */
		963199EF25CE559400E497E2 /* Frameworks */ = {
			isa = PBXFrameworksBuildPhase;
			buildActionMask = 2147483647;
			files = (
				5AD85C33AD6CEEA81E9B575A /* Pods_Taps.framework in Frameworks */,
			);
			runOnlyForDeploymentPostprocessing = 0;
		};
/* End PBXFrameworksBuildPhase section */

/* Begin PBXGroup section */
		08FC42D6DCCC05E8BBA4E6CD /* Frameworks */ = {
			isa = PBXGroup;
			children = (
				518340F937DAC6C0DC72F0E6 /* Pods_Taps.framework */,
			);
			name = Frameworks;
			sourceTree = "<group>";
		};
		963199E925CE559400E497E2 = {
			isa = PBXGroup;
			children = (
				963199F425CE559400E497E2 /* Taps */,
				963199F325CE559400E497E2 /* Products */,
				CC3476900B3C12BBB7EC32BF /* Pods */,
				08FC42D6DCCC05E8BBA4E6CD /* Frameworks */,
			);
			sourceTree = "<group>";
		};
		963199F325CE559400E497E2 /* Products */ = {
			isa = PBXGroup;
			children = (
				963199F225CE559400E497E2 /* Taps.app */,
			);
			name = Products;
			sourceTree = "<group>";
		};
		963199F425CE559400E497E2 /* Taps */ = {
			isa = PBXGroup;
			children = (
				963199F525CE559400E497E2 /* AppDelegate.swift */,
				963199F725CE559400E497E2 /* SceneDelegate.swift */,
				963199F925CE559400E497E2 /* BreweryTableView.swift */,
				963199FE25CE559400E497E2 /* Assets.xcassets */,
				96319A0025CE559400E497E2 /* LaunchScreen.storyboard */,
				96319A0325CE559400E497E2 /* Info.plist */,
			);
			path = Taps;
			sourceTree = "<group>";
		};
		CC3476900B3C12BBB7EC32BF /* Pods */ = {
			isa = PBXGroup;
			children = (
				7CA5939D428ED13883E76CA3 /* Pods-Taps.debug.xcconfig */,
				C4DCE598E03396D6D5D91350 /* Pods-Taps.release.xcconfig */,
			);
			path = Pods;
			sourceTree = "<group>";
		};
/* End PBXGroup section */

/* Begin PBXNativeTarget section */
		963199F125CE559400E497E2 /* Taps */ = {
			isa = PBXNativeTarget;
			buildConfigurationList = 96319A0625CE559400E497E2 /* Build configuration list for PBXNativeTarget "Taps" */;
			buildPhases = (
				FAFF78C349392BC956B26B55 /* [CP] Check Pods Manifest.lock */,
				963199EE25CE559400E497E2 /* Sources */,
				963199EF25CE559400E497E2 /* Frameworks */,
				963199F025CE559400E497E2 /* Resources */,
				11EADF581DD69BAF65E866FA /* [CP] Embed Pods Frameworks */,
			);
			buildRules = (
			);
			dependencies = (
			);
			name = Taps;
			productName = Taps;
			productReference = 963199F225CE559400E497E2 /* Taps.app */;
			productType = "com.apple.product-type.application";
		};
/* End PBXNativeTarget section */

/* Begin PBXProject section */
		963199EA25CE559400E497E2 /* Project object */ = {
			isa = PBXProject;
			attributes = {
				LastSwiftUpdateCheck = 1240;
				LastUpgradeCheck = 1240;
				TargetAttributes = {
					963199F125CE559400E497E2 = {
						CreatedOnToolsVersion = 12.4;
					};
				};
			};
			buildConfigurationList = 963199ED25CE559400E497E2 /* Build configuration list for PBXProject "Taps" */;
			compatibilityVersion = "Xcode 9.3";
			developmentRegion = en;
			hasScannedForEncodings = 0;
			knownRegions = (
				en,
				Base,
			);
			mainGroup = 963199E925CE559400E497E2;
			productRefGroup = 963199F325CE559400E497E2 /* Products */;
			projectDirPath = "";
			projectRoot = "";
			targets = (
				963199F125CE559400E497E2 /* Taps */,
			);
		};
/* End PBXProject section */

/* Begin PBXResourcesBuildPhase section */
		963199F025CE559400E497E2 /* Resources */ = {
			isa = PBXResourcesBuildPhase;
			buildActionMask = 2147483647;
			files = (
				96319A0225CE559400E497E2 /* LaunchScreen.storyboard in Resources */,
				963199FF25CE559400E497E2 /* Assets.xcassets in Resources */,
			);
			runOnlyForDeploymentPostprocessing = 0;
		};
/* End PBXResourcesBuildPhase section */

/* Begin PBXShellScriptBuildPhase section */
		11EADF581DD69BAF65E866FA /* [CP] Embed Pods Frameworks */ = {
			isa = PBXShellScriptBuildPhase;
			buildActionMask = 2147483647;
			files = (
			);
			inputFileListPaths = (
				"${PODS_ROOT}/Target Support Files/Pods-Taps/Pods-Taps-frameworks-${CONFIGURATION}-input-files.xcfilelist",
			);
			name = "[CP] Embed Pods Frameworks";
			outputFileListPaths = (
				"${PODS_ROOT}/Target Support Files/Pods-Taps/Pods-Taps-frameworks-${CONFIGURATION}-output-files.xcfilelist",
			);
			runOnlyForDeploymentPostprocessing = 0;
			shellPath = /bin/sh;
			shellScript = "\"${PODS_ROOT}/Target Support Files/Pods-Taps/Pods-Taps-frameworks.sh\"\n";
			showEnvVarsInLog = 0;
		};
		FAFF78C349392BC956B26B55 /* [CP] Check Pods Manifest.lock */ = {
			isa = PBXShellScriptBuildPhase;
			buildActionMask = 2147483647;
			files = (
			);
			inputFileListPaths = (
			);
			inputPaths = (
				"${PODS_PODFILE_DIR_PATH}/Podfile.lock",
				"${PODS_ROOT}/Manifest.lock",
			);
			name = "[CP] Check Pods Manifest.lock";
			outputFileListPaths = (
			);
			outputPaths = (
				"$(DERIVED_FILE_DIR)/Pods-Taps-checkManifestLockResult.txt",
			);
			runOnlyForDeploymentPostprocessing = 0;
			shellPath = /bin/sh;
			shellScript = "diff \"${PODS_PODFILE_DIR_PATH}/Podfile.lock\" \"${PODS_ROOT}/Manifest.lock\" > /dev/null\nif [ $? != 0 ] ; then\n    # print error to STDERR\n    echo \"error: The sandbox is not in sync with the Podfile.lock. Run 'pod install' or update your CocoaPods installation.\" >&2\n    exit 1\nfi\n# This output is used by Xcode 'outputs' to avoid re-running this script phase.\necho \"SUCCESS\" > \"${SCRIPT_OUTPUT_FILE_0}\"\n";
			showEnvVarsInLog = 0;
		};
/* End PBXShellScriptBuildPhase section */

/* Begin PBXSourcesBuildPhase section */
		963199EE25CE559400E497E2 /* Sources */ = {
			isa = PBXSourcesBuildPhase;
			buildActionMask = 2147483647;
			files = (
				963199FA25CE559400E497E2 /* BreweryTableView.swift in Sources */,
				963199F625CE559400E497E2 /* AppDelegate.swift in Sources */,
				963199F825CE559400E497E2 /* SceneDelegate.swift in Sources */,
			);
			runOnlyForDeploymentPostprocessing = 0;
		};
/* End PBXSourcesBuildPhase section */

/* Begin PBXVariantGroup section */
		96319A0025CE559400E497E2 /* LaunchScreen.storyboard */ = {
			isa = PBXVariantGroup;
			children = (
				96319A0125CE559400E497E2 /* Base */,
			);
			name = LaunchScreen.storyboard;
			sourceTree = "<group>";
		};
/* End PBXVariantGroup section */

/* Begin XCBuildConfiguration section */
		96319A0425CE559400E497E2 /* Debug */ = {
			isa = XCBuildConfiguration;
			buildSettings = {
				ALWAYS_SEARCH_USER_PATHS = NO;
				CLANG_ANALYZER_NONNULL = YES;
				CLANG_ANALYZER_NUMBER_OBJECT_CONVERSION = YES_AGGRESSIVE;
				CLANG_CXX_LANGUAGE_STANDARD = "gnu++14";
				CLANG_CXX_LIBRARY = "libc++";
				CLANG_ENABLE_MODULES = YES;
				CLANG_ENABLE_OBJC_ARC = YES;
				CLANG_ENABLE_OBJC_WEAK = YES;
				CLANG_WARN_BLOCK_CAPTURE_AUTORELEASING = YES;
				CLANG_WARN_BOOL_CONVERSION = YES;
				CLANG_WARN_COMMA = YES;
				CLANG_WARN_CONSTANT_CONVERSION = YES;
				CLANG_WARN_DEPRECATED_OBJC_IMPLEMENTATIONS = YES;
				CLANG_WARN_DIRECT_OBJC_ISA_USAGE = YES_ERROR;
				CLANG_WARN_DOCUMENTATION_COMMENTS = YES;
				CLANG_WARN_EMPTY_BODY = YES;
				CLANG_WARN_ENUM_CONVERSION = YES;
				CLANG_WARN_INFINITE_RECURSION = YES;
				CLANG_WARN_INT_CONVERSION = YES;
				CLANG_WARN_NON_LITERAL_NULL_CONVERSION = YES;
				CLANG_WARN_OBJC_IMPLICIT_RETAIN_SELF = YES;
				CLANG_WARN_OBJC_LITERAL_CONVERSION = YES;
				CLANG_WARN_OBJC_ROOT_CLASS = YES_ERROR;
				CLANG_WARN_QUOTED_INCLUDE_IN_FRAMEWORK_HEADER = YES;
				CLANG_WARN_RANGE_LOOP_ANALYSIS = YES;
				CLANG_WARN_STRICT_PROTOTYPES = YES;
				CLANG_WARN_SUSPICIOUS_MOVE = YES;
				CLANG_WARN_UNGUARDED_AVAILABILITY = YES_AGGRESSIVE;
				CLANG_WARN_UNREACHABLE_CODE = YES;
				CLANG_WARN__DUPLICATE_METHOD_MATCH = YES;
				COPY_PHASE_STRIP = NO;
				DEBUG_INFORMATION_FORMAT = dwarf;
				ENABLE_STRICT_OBJC_MSGSEND = YES;
				ENABLE_TESTABILITY = YES;
				GCC_C_LANGUAGE_STANDARD = gnu11;
				GCC_DYNAMIC_NO_PIC = NO;
				GCC_NO_COMMON_BLOCKS = YES;
				GCC_OPTIMIZATION_LEVEL = 0;
				GCC_PREPROCESSOR_DEFINITIONS = (
					"DEBUG=1",
					"$(inherited)",
				);
				GCC_WARN_64_TO_32_BIT_CONVERSION = YES;
				GCC_WARN_ABOUT_RETURN_TYPE = YES_ERROR;
				GCC_WARN_UNDECLARED_SELECTOR = YES;
				GCC_WARN_UNINITIALIZED_AUTOS = YES_AGGRESSIVE;
				GCC_WARN_UNUSED_FUNCTION = YES;
				GCC_WARN_UNUSED_VARIABLE = YES;
				IPHONEOS_DEPLOYMENT_TARGET = 14.4;
				MTL_ENABLE_DEBUG_INFO = INCLUDE_SOURCE;
				MTL_FAST_MATH = YES;
				ONLY_ACTIVE_ARCH = YES;
				SDKROOT = iphoneos;
				SWIFT_ACTIVE_COMPILATION_CONDITIONS = DEBUG;
				SWIFT_OPTIMIZATION_LEVEL = "-Onone";
			};
			name = Debug;
		};
		96319A0525CE559400E497E2 /* Release */ = {
			isa = XCBuildConfiguration;
			buildSettings = {
				ALWAYS_SEARCH_USER_PATHS = NO;
				CLANG_ANALYZER_NONNULL = YES;
				CLANG_ANALYZER_NUMBER_OBJECT_CONVERSION = YES_AGGRESSIVE;
				CLANG_CXX_LANGUAGE_STANDARD = "gnu++14";
				CLANG_CXX_LIBRARY = "libc++";
				CLANG_ENABLE_MODULES = YES;
				CLANG_ENABLE_OBJC_ARC = YES;
				CLANG_ENABLE_OBJC_WEAK = YES;
				CLANG_WARN_BLOCK_CAPTURE_AUTORELEASING = YES;
				CLANG_WARN_BOOL_CONVERSION = YES;
				CLANG_WARN_COMMA = YES;
				CLANG_WARN_CONSTANT_CONVERSION = YES;
				CLANG_WARN_DEPRECATED_OBJC_IMPLEMENTATIONS = YES;
				CLANG_WARN_DIRECT_OBJC_ISA_USAGE = YES_ERROR;
				CLANG_WARN_DOCUMENTATION_COMMENTS = YES;
				CLANG_WARN_EMPTY_BODY = YES;
				CLANG_WARN_ENUM_CONVERSION = YES;
				CLANG_WARN_INFINITE_RECURSION = YES;
				CLANG_WARN_INT_CONVERSION = YES;
				CLANG_WARN_NON_LITERAL_NULL_CONVERSION = YES;
				CLANG_WARN_OBJC_IMPLICIT_RETAIN_SELF = YES;
				CLANG_WARN_OBJC_LITERAL_CONVERSION = YES;
				CLANG_WARN_OBJC_ROOT_CLASS = YES_ERROR;
				CLANG_WARN_QUOTED_INCLUDE_IN_FRAMEWORK_HEADER = YES;
				CLANG_WARN_RANGE_LOOP_ANALYSIS = YES;
				CLANG_WARN_STRICT_PROTOTYPES = YES;
				CLANG_WARN_SUSPICIOUS_MOVE = YES;
				CLANG_WARN_UNGUARDED_AVAILABILITY = YES_AGGRESSIVE;
				CLANG_WARN_UNREACHABLE_CODE = YES;
				CLANG_WARN__DUPLICATE_METHOD_MATCH = YES;
				COPY_PHASE_STRIP = NO;
				DEBUG_INFORMATION_FORMAT = "dwarf-with-dsym";
				ENABLE_NS_ASSERTIONS = NO;
				ENABLE_STRICT_OBJC_MSGSEND = YES;
				GCC_C_LANGUAGE_STANDARD = gnu11;
				GCC_NO_COMMON_BLOCKS = YES;
				GCC_WARN_64_TO_32_BIT_CONVERSION = YES;
				GCC_WARN_ABOUT_RETURN_TYPE = YES_ERROR;
				GCC_WARN_UNDECLARED_SELECTOR = YES;
				GCC_WARN_UNINITIALIZED_AUTOS = YES_AGGRESSIVE;
				GCC_WARN_UNUSED_FUNCTION = YES;
				GCC_WARN_UNUSED_VARIABLE = YES;
				IPHONEOS_DEPLOYMENT_TARGET = 14.4;
				MTL_ENABLE_DEBUG_INFO = NO;
				MTL_FAST_MATH = YES;
				SDKROOT = iphoneos;
				SWIFT_COMPILATION_MODE = wholemodule;
				SWIFT_OPTIMIZATION_LEVEL = "-O";
				VALIDATE_PRODUCT = YES;
			};
			name = Release;
		};
		96319A0725CE559400E497E2 /* Debug */ = {
			isa = XCBuildConfiguration;
			baseConfigurationReference = 7CA5939D428ED13883E76CA3 /* Pods-Taps.debug.xcconfig */;
			buildSettings = {
				ASSETCATALOG_COMPILER_APPICON_NAME = AppIcon;
				ASSETCATALOG_COMPILER_GLOBAL_ACCENT_COLOR_NAME = AccentColor;
				CODE_SIGN_STYLE = Automatic;
				DEVELOPMENT_TEAM = N3E7249ZAC;
				INFOPLIST_FILE = Taps/Info.plist;
				LD_RUNPATH_SEARCH_PATHS = (
					"$(inherited)",
					"@executable_path/Frameworks",
				);
				PRODUCT_BUNDLE_IDENTIFIER = com.lhaquebaruma.Taps;
				PRODUCT_NAME = "$(TARGET_NAME)";
				SWIFT_VERSION = 5.0;
				TARGETED_DEVICE_FAMILY = 1;
			};
			name = Debug;
		};
		96319A0825CE559400E497E2 /* Release */ = {
			isa = XCBuildConfiguration;
			baseConfigurationReference = C4DCE598E03396D6D5D91350 /* Pods-Taps.release.xcconfig */;
			buildSettings = {
				ASSETCATALOG_COMPILER_APPICON_NAME = AppIcon;
				ASSETCATALOG_COMPILER_GLOBAL_ACCENT_COLOR_NAME = AccentColor;
				CODE_SIGN_STYLE = Automatic;
				DEVELOPMENT_TEAM = N3E7249ZAC;
				INFOPLIST_FILE = Taps/Info.plist;
				LD_RUNPATH_SEARCH_PATHS = (
					"$(inherited)",
					"@executable_path/Frameworks",
				);
				PRODUCT_BUNDLE_IDENTIFIER = com.lhaquebaruma.Taps;
				PRODUCT_NAME = "$(TARGET_NAME)";
				SWIFT_VERSION = 5.0;
				TARGETED_DEVICE_FAMILY = 1;
			};
			name = Release;
		};
/* End XCBuildConfiguration section */

/* Begin XCConfigurationList section */
		963199ED25CE559400E497E2 /* Build configuration list for PBXProject "Taps" */ = {
			isa = XCConfigurationList;
			buildConfigurations = (
				96319A0425CE559400E497E2 /* Debug */,
				96319A0525CE559400E497E2 /* Release */,
			);
			defaultConfigurationIsVisible = 0;
			defaultConfigurationName = Release;
		};
		96319A0625CE559400E497E2 /* Build configuration list for PBXNativeTarget "Taps" */ = {
			isa = XCConfigurationList;
			buildConfigurations = (
				96319A0725CE559400E497E2 /* Debug */,
				96319A0825CE559400E497E2 /* Release */,
			);
			defaultConfigurationIsVisible = 0;
			defaultConfigurationName = Release;
		};
/* End XCConfigurationList section */
	};
	rootObject = 963199EA25CE559400E497E2 /* Project object */;
}
